
Microsoft Visual Studio Solution File, Format Version 12.00
# Visual Studio Version 16
VisualStudioVersion = 16.0.31702.278
MinimumVisualStudioVersion = 10.0.40219.1
Project("{FAE04EC0-301F-11D3-BF4B-00C04F79EFBC}") = "ConsoleApp1", "ConsoleApp1\ConsoleApp1.csproj", "{CBA5F52F-0593-42B6-913D-EE8B78052E67}"
EndProject
Project("{FAE04EC0-301F-11D3-BF4B-00C04F79EFBC}") = "Lib", "..\Lib\Lib.csproj", "{BEA9F098-9254-420B-8996-A01C064EC9F1}"
EndProject
Global
	GlobalSection(SolutionConfigurationPlatforms) = preSolution
		Debug|Any CPU = Debug|Any CPU
		Release|Any CPU = Release|Any CPU
	EndGlobalSection
	GlobalSection(ProjectConfigurationPlatforms) = postSolution
		{CBA5F52F-0593-42B6-913D-EE8B78052E67}.Debug|Any CPU.ActiveCfg = Debug|Any CPU
		{CBA5F52F-0593-42B6-913D-EE8B78052E67}.Debug|Any CPU.Build.0 = Debug|Any CPU
		{CBA5F52F-0593-42B6-913D-EE8B78052E67}.Release|Any CPU.ActiveCfg = Release|Any CPU
		{CBA5F52F-0593-42B6-913D-EE8B78052E67}.Release|Any CPU.Build.0 = Release|Any CPU
		{BEA9F098-9254-420B-8996-A01C064EC9F1}.Debug|Any CPU.ActiveCfg = Debug|Any CPU
		{BEA9F098-9254-420B-8996-A01C064EC9F1}.Debug|Any CPU.Build.0 = Debug|Any CPU
		{BEA9F098-9254-420B-8996-A01C064EC9F1}.Release|Any CPU.ActiveCfg = Release|Any CPU
		{BEA9F098-9254-420B-8996-A01C064EC9F1}.Release|Any CPU.Build.0 = Release|Any CPU
	EndGlobalSection
	GlobalSection(SolutionProperties) = preSolution
		HideSolutionNode = FALSE
	EndGlobalSection
	GlobalSection(ExtensibilityGlobals) = postSolution
		SolutionGuid = {E6FE6BD8-FC55-4186-9462-46C8E34E9D31}
	EndGlobalSection
EndGlobal
